
Microsoft Visual Studio Solution File, Format Version 12.00
# Visual Studio 14
VisualStudioVersion = 14.0.25420.1
MinimumVisualStudioVersion = 10.0.40219.1
Project("{9092AA53-FB77-4645-B42D-1CCCA6BD08BD}") = "001_basic_authorization_demo", "001_basic_authorization_demo\001_basic_authorization_demo.njsproj", "{FBC2F8BD-29D4-460F-84CF-937472098D98}"
EndProject
Project("{9092AA53-FB77-4645-B42D-1CCCA6BD08BD}") = "002_auth_acces_demo", "002_auth_acces_demo\002_auth_acces_demo.njsproj", "{E98FE38F-7CCF-427E-9811-C22BC14BB4E2}"
EndProject
Project("{9092AA53-FB77-4645-B42D-1CCCA6BD08BD}") = "003_basic_signup", "003_basic_signup\003_basic_signup.njsproj", "{5E6F1221-ECF4-418B-A675-DDCDA1A556A0}"
EndProject
Project("{9092AA53-FB77-4645-B42D-1CCCA6BD08BD}") = "004_auth_demo_db_1", "004_auth_demo_db_1\004_auth_demo_db_1.njsproj", "{78F58C2D-AA07-4867-BF4E-05159DBB0A8F}"
EndProject
Project("{9092AA53-FB77-4645-B42D-1CCCA6BD08BD}") = "005_auth_demo_db_2", "005_auth_demo_db_2\005_auth_demo_db_2.njsproj", "{CEF0CAC0-A5FF-4AA7-8B75-1EBBD3727093}"
EndProject
Project("{9092AA53-FB77-4645-B42D-1CCCA6BD08BD}") = "006_auth_demo_db_3", "006_auth_demo_db_3\006_auth_demo_db_3.njsproj", "{8D0121B1-7BB8-4D74-B186-869B756EF469}"
EndProject
Project("{9092AA53-FB77-4645-B42D-1CCCA6BD08BD}") = "007_handling_form_data", "007_handling_form_data\007_handling_form_data.njsproj", "{C8EF380D-9BFC-4301-BCCC-8D80E1A25742}"
EndProject
Project("{9092AA53-FB77-4645-B42D-1CCCA6BD08BD}") = "008_file_upload_1", "008_file_upload_1\008_file_upload_1.njsproj", "{1C9C32B0-919F-4F96-9F44-F011D772472A}"
EndProject
Project("{9092AA53-FB77-4645-B42D-1CCCA6BD08BD}") = "009_file_upload_2", "009_file_upload_2\009_file_upload_2.njsproj", "{7DEDBCA1-61F1-43BF-A0CD-05F6D982047E}"
EndProject
Global
	GlobalSection(SolutionConfigurationPlatforms) = preSolution
		Debug|Any CPU = Debug|Any CPU
		Release|Any CPU = Release|Any CPU
	EndGlobalSection
	GlobalSection(ProjectConfigurationPlatforms) = postSolution
		{FBC2F8BD-29D4-460F-84CF-937472098D98}.Debug|Any CPU.ActiveCfg = Debug|Any CPU
		{FBC2F8BD-29D4-460F-84CF-937472098D98}.Debug|Any CPU.Build.0 = Debug|Any CPU
		{FBC2F8BD-29D4-460F-84CF-937472098D98}.Release|Any CPU.ActiveCfg = Release|Any CPU
		{FBC2F8BD-29D4-460F-84CF-937472098D98}.Release|Any CPU.Build.0 = Release|Any CPU
		{E98FE38F-7CCF-427E-9811-C22BC14BB4E2}.Debug|Any CPU.ActiveCfg = Debug|Any CPU
		{E98FE38F-7CCF-427E-9811-C22BC14BB4E2}.Debug|Any CPU.Build.0 = Debug|Any CPU
		{E98FE38F-7CCF-427E-9811-C22BC14BB4E2}.Release|Any CPU.ActiveCfg = Release|Any CPU
		{E98FE38F-7CCF-427E-9811-C22BC14BB4E2}.Release|Any CPU.Build.0 = Release|Any CPU
		{5E6F1221-ECF4-418B-A675-DDCDA1A556A0}.Debug|Any CPU.ActiveCfg = Debug|Any CPU
		{5E6F1221-ECF4-418B-A675-DDCDA1A556A0}.Debug|Any CPU.Build.0 = Debug|Any CPU
		{5E6F1221-ECF4-418B-A675-DDCDA1A556A0}.Release|Any CPU.ActiveCfg = Release|Any CPU
		{5E6F1221-ECF4-418B-A675-DDCDA1A556A0}.Release|Any CPU.Build.0 = Release|Any CPU
		{78F58C2D-AA07-4867-BF4E-05159DBB0A8F}.Debug|Any CPU.ActiveCfg = Debug|Any CPU
		{78F58C2D-AA07-4867-BF4E-05159DBB0A8F}.Debug|Any CPU.Build.0 = Debug|Any CPU
		{78F58C2D-AA07-4867-BF4E-05159DBB0A8F}.Release|Any CPU.ActiveCfg = Release|Any CPU
		{78F58C2D-AA07-4867-BF4E-05159DBB0A8F}.Release|Any CPU.Build.0 = Release|Any CPU
		{CEF0CAC0-A5FF-4AA7-8B75-1EBBD3727093}.Debug|Any CPU.ActiveCfg = Debug|Any CPU
		{CEF0CAC0-A5FF-4AA7-8B75-1EBBD3727093}.Debug|Any CPU.Build.0 = Debug|Any CPU
		{CEF0CAC0-A5FF-4AA7-8B75-1EBBD3727093}.Release|Any CPU.ActiveCfg = Release|Any CPU
		{CEF0CAC0-A5FF-4AA7-8B75-1EBBD3727093}.Release|Any CPU.Build.0 = Release|Any CPU
		{8D0121B1-7BB8-4D74-B186-869B756EF469}.Debug|Any CPU.ActiveCfg = Debug|Any CPU
		{8D0121B1-7BB8-4D74-B186-869B756EF469}.Debug|Any CPU.Build.0 = Debug|Any CPU
		{8D0121B1-7BB8-4D74-B186-869B756EF469}.Release|Any CPU.ActiveCfg = Release|Any CPU
		{8D0121B1-7BB8-4D74-B186-869B756EF469}.Release|Any CPU.Build.0 = Release|Any CPU
		{C8EF380D-9BFC-4301-BCCC-8D80E1A25742}.Debug|Any CPU.ActiveCfg = Debug|Any CPU
		{C8EF380D-9BFC-4301-BCCC-8D80E1A25742}.Debug|Any CPU.Build.0 = Debug|Any CPU
		{C8EF380D-9BFC-4301-BCCC-8D80E1A25742}.Release|Any CPU.ActiveCfg = Release|Any CPU
		{C8EF380D-9BFC-4301-BCCC-8D80E1A25742}.Release|Any CPU.Build.0 = Release|Any CPU
		{1C9C32B0-919F-4F96-9F44-F011D772472A}.Debug|Any CPU.ActiveCfg = Debug|Any CPU
		{1C9C32B0-919F-4F96-9F44-F011D772472A}.Debug|Any CPU.Build.0 = Debug|Any CPU
		{1C9C32B0-919F-4F96-9F44-F011D772472A}.Release|Any CPU.ActiveCfg = Release|Any CPU
		{1C9C32B0-919F-4F96-9F44-F011D772472A}.Release|Any CPU.Build.0 = Release|Any CPU
		{7DEDBCA1-61F1-43BF-A0CD-05F6D982047E}.Debug|Any CPU.ActiveCfg = Debug|Any CPU
		{7DEDBCA1-61F1-43BF-A0CD-05F6D982047E}.Debug|Any CPU.Build.0 = Debug|Any CPU
		{7DEDBCA1-61F1-43BF-A0CD-05F6D982047E}.Release|Any CPU.ActiveCfg = Release|Any CPU
		{7DEDBCA1-61F1-43BF-A0CD-05F6D982047E}.Release|Any CPU.Build.0 = Release|Any CPU
	EndGlobalSection
	GlobalSection(SolutionProperties) = preSolution
		HideSolutionNode = FALSE
	EndGlobalSection
EndGlobal
