
Microsoft Visual Studio Solution File, Format Version 12.00
# Visual Studio 14
VisualStudioVersion = 14.0.25420.1
MinimumVisualStudioVersion = 10.0.40219.1
Project("{9092AA53-FB77-4645-B42D-1CCCA6BD08BD}") = "004_event_methods_1", "004_event_methods_1\004_event_methods_1.njsproj", "{034E7F64-3365-4241-9D29-CEFBAFCD59B1}"
EndProject
Project("{9092AA53-FB77-4645-B42D-1CCCA6BD08BD}") = "002_events_1", "002_event_listeners_1\002_events_1.njsproj", "{94C4BD9C-5978-4995-8F4F-F8151EE002B4}"
EndProject
Project("{9092AA53-FB77-4645-B42D-1CCCA6BD08BD}") = "003_events_2", "003_events_listeners_2\003_events_2.njsproj", "{BD6365C2-C5F0-4C73-A8D8-9C616E2DE156}"
EndProject
Project("{9092AA53-FB77-4645-B42D-1CCCA6BD08BD}") = "001_events_basic", "001_events_basic\001_events_basic.njsproj", "{661B7845-0E51-4746-AA76-36C60DC6BC0B}"
EndProject
Project("{9092AA53-FB77-4645-B42D-1CCCA6BD08BD}") = "005_event_methods_2", "005_event_methods_2\005_event_methods_2.njsproj", "{9F6A63C3-10D1-4879-AE16-8A66C0A89456}"
EndProject
Project("{9092AA53-FB77-4645-B42D-1CCCA6BD08BD}") = "006_event_methods_3", "006_event_methods_3\006_event_methods_3.njsproj", "{7671EC83-BF33-45F3-8E07-A12C0FBC5BA5}"
EndProject
Project("{9092AA53-FB77-4645-B42D-1CCCA6BD08BD}") = "010_error_handling", "010_error_handling\010_error_handling.njsproj", "{87E4E4A5-F8E3-47C8-A92D-3D46665016DC}"
EndProject
Project("{9092AA53-FB77-4645-B42D-1CCCA6BD08BD}") = "007_multiple_listeners", "007_multiple_listeners\007_multiple_listeners.njsproj", "{C5450A3D-8161-4591-BA27-CD6CB3090DF6}"
EndProject
Project("{9092AA53-FB77-4645-B42D-1CCCA6BD08BD}") = "008_passing_data_with_events", "008_passing_data_with_events\008_passing_data_with_events.njsproj", "{F45454ED-3214-4A79-B729-E8082E02F6EA}"
EndProject
Project("{9092AA53-FB77-4645-B42D-1CCCA6BD08BD}") = "009_passing_data_with_events_2", "009_passing_data_with_events_2\009_passing_data_with_events_2.njsproj", "{9D014E15-1123-4C9A-9489-C78F230F8B68}"
EndProject
Global
	GlobalSection(SolutionConfigurationPlatforms) = preSolution
		Debug|Any CPU = Debug|Any CPU
		Release|Any CPU = Release|Any CPU
	EndGlobalSection
	GlobalSection(ProjectConfigurationPlatforms) = postSolution
		{034E7F64-3365-4241-9D29-CEFBAFCD59B1}.Debug|Any CPU.ActiveCfg = Debug|Any CPU
		{034E7F64-3365-4241-9D29-CEFBAFCD59B1}.Debug|Any CPU.Build.0 = Debug|Any CPU
		{034E7F64-3365-4241-9D29-CEFBAFCD59B1}.Release|Any CPU.ActiveCfg = Release|Any CPU
		{034E7F64-3365-4241-9D29-CEFBAFCD59B1}.Release|Any CPU.Build.0 = Release|Any CPU
		{94C4BD9C-5978-4995-8F4F-F8151EE002B4}.Debug|Any CPU.ActiveCfg = Debug|Any CPU
		{94C4BD9C-5978-4995-8F4F-F8151EE002B4}.Debug|Any CPU.Build.0 = Debug|Any CPU
		{94C4BD9C-5978-4995-8F4F-F8151EE002B4}.Release|Any CPU.ActiveCfg = Release|Any CPU
		{94C4BD9C-5978-4995-8F4F-F8151EE002B4}.Release|Any CPU.Build.0 = Release|Any CPU
		{BD6365C2-C5F0-4C73-A8D8-9C616E2DE156}.Debug|Any CPU.ActiveCfg = Debug|Any CPU
		{BD6365C2-C5F0-4C73-A8D8-9C616E2DE156}.Debug|Any CPU.Build.0 = Debug|Any CPU
		{BD6365C2-C5F0-4C73-A8D8-9C616E2DE156}.Release|Any CPU.ActiveCfg = Release|Any CPU
		{BD6365C2-C5F0-4C73-A8D8-9C616E2DE156}.Release|Any CPU.Build.0 = Release|Any CPU
		{661B7845-0E51-4746-AA76-36C60DC6BC0B}.Debug|Any CPU.ActiveCfg = Debug|Any CPU
		{661B7845-0E51-4746-AA76-36C60DC6BC0B}.Debug|Any CPU.Build.0 = Debug|Any CPU
		{661B7845-0E51-4746-AA76-36C60DC6BC0B}.Release|Any CPU.ActiveCfg = Release|Any CPU
		{661B7845-0E51-4746-AA76-36C60DC6BC0B}.Release|Any CPU.Build.0 = Release|Any CPU
		{9F6A63C3-10D1-4879-AE16-8A66C0A89456}.Debug|Any CPU.ActiveCfg = Debug|Any CPU
		{9F6A63C3-10D1-4879-AE16-8A66C0A89456}.Debug|Any CPU.Build.0 = Debug|Any CPU
		{9F6A63C3-10D1-4879-AE16-8A66C0A89456}.Release|Any CPU.ActiveCfg = Release|Any CPU
		{9F6A63C3-10D1-4879-AE16-8A66C0A89456}.Release|Any CPU.Build.0 = Release|Any CPU
		{7671EC83-BF33-45F3-8E07-A12C0FBC5BA5}.Debug|Any CPU.ActiveCfg = Debug|Any CPU
		{7671EC83-BF33-45F3-8E07-A12C0FBC5BA5}.Debug|Any CPU.Build.0 = Debug|Any CPU
		{7671EC83-BF33-45F3-8E07-A12C0FBC5BA5}.Release|Any CPU.ActiveCfg = Release|Any CPU
		{7671EC83-BF33-45F3-8E07-A12C0FBC5BA5}.Release|Any CPU.Build.0 = Release|Any CPU
		{87E4E4A5-F8E3-47C8-A92D-3D46665016DC}.Debug|Any CPU.ActiveCfg = Debug|Any CPU
		{87E4E4A5-F8E3-47C8-A92D-3D46665016DC}.Debug|Any CPU.Build.0 = Debug|Any CPU
		{87E4E4A5-F8E3-47C8-A92D-3D46665016DC}.Release|Any CPU.ActiveCfg = Release|Any CPU
		{87E4E4A5-F8E3-47C8-A92D-3D46665016DC}.Release|Any CPU.Build.0 = Release|Any CPU
		{C5450A3D-8161-4591-BA27-CD6CB3090DF6}.Debug|Any CPU.ActiveCfg = Debug|Any CPU
		{C5450A3D-8161-4591-BA27-CD6CB3090DF6}.Debug|Any CPU.Build.0 = Debug|Any CPU
		{C5450A3D-8161-4591-BA27-CD6CB3090DF6}.Release|Any CPU.ActiveCfg = Release|Any CPU
		{C5450A3D-8161-4591-BA27-CD6CB3090DF6}.Release|Any CPU.Build.0 = Release|Any CPU
		{F45454ED-3214-4A79-B729-E8082E02F6EA}.Debug|Any CPU.ActiveCfg = Debug|Any CPU
		{F45454ED-3214-4A79-B729-E8082E02F6EA}.Debug|Any CPU.Build.0 = Debug|Any CPU
		{F45454ED-3214-4A79-B729-E8082E02F6EA}.Release|Any CPU.ActiveCfg = Release|Any CPU
		{F45454ED-3214-4A79-B729-E8082E02F6EA}.Release|Any CPU.Build.0 = Release|Any CPU
		{9D014E15-1123-4C9A-9489-C78F230F8B68}.Debug|Any CPU.ActiveCfg = Debug|Any CPU
		{9D014E15-1123-4C9A-9489-C78F230F8B68}.Debug|Any CPU.Build.0 = Debug|Any CPU
		{9D014E15-1123-4C9A-9489-C78F230F8B68}.Release|Any CPU.ActiveCfg = Release|Any CPU
		{9D014E15-1123-4C9A-9489-C78F230F8B68}.Release|Any CPU.Build.0 = Release|Any CPU
	EndGlobalSection
	GlobalSection(SolutionProperties) = preSolution
		HideSolutionNode = FALSE
	EndGlobalSection
EndGlobal
